
Microsoft Visual Studio Solution File, Format Version 12.00
# Visual Studio Version 16
VisualStudioVersion = 16.0.29920.165
MinimumVisualStudioVersion = 10.0.40219.1
Project("{FAE04EC0-301F-11D3-BF4B-00C04F79EFBC}") = "Carpool", "Carpool\Carpool.csproj", "{6F337225-6DDB-4D2A-A569-385DE87323BF}"
EndProject
Project("{FAE04EC0-301F-11D3-BF4B-00C04F79EFBC}") = "Business", "Business\Business.csproj", "{7A1BA479-4659-41AB-AAF5-58BB20384630}"
EndProject
Project("{FAE04EC0-301F-11D3-BF4B-00C04F79EFBC}") = "Data", "Data\Data.csproj", "{59AC12B5-9D61-436A-8F12-957CC2B8E93A}"
EndProject
Global
	GlobalSection(SolutionConfigurationPlatforms) = preSolution
		Debug|Any CPU = Debug|Any CPU
		Release|Any CPU = Release|Any CPU
	EndGlobalSection
	GlobalSection(ProjectConfigurationPlatforms) = postSolution
		{6F337225-6DDB-4D2A-A569-385DE87323BF}.Debug|Any CPU.ActiveCfg = Debug|Any CPU
		{6F337225-6DDB-4D2A-A569-385DE87323BF}.Debug|Any CPU.Build.0 = Debug|Any CPU
		{6F337225-6DDB-4D2A-A569-385DE87323BF}.Release|Any CPU.ActiveCfg = Release|Any CPU
		{6F337225-6DDB-4D2A-A569-385DE87323BF}.Release|Any CPU.Build.0 = Release|Any CPU
		{7A1BA479-4659-41AB-AAF5-58BB20384630}.Debug|Any CPU.ActiveCfg = Debug|Any CPU
		{7A1BA479-4659-41AB-AAF5-58BB20384630}.Debug|Any CPU.Build.0 = Debug|Any CPU
		{7A1BA479-4659-41AB-AAF5-58BB20384630}.Release|Any CPU.ActiveCfg = Release|Any CPU
		{7A1BA479-4659-41AB-AAF5-58BB20384630}.Release|Any CPU.Build.0 = Release|Any CPU
		{59AC12B5-9D61-436A-8F12-957CC2B8E93A}.Debug|Any CPU.ActiveCfg = Debug|Any CPU
		{59AC12B5-9D61-436A-8F12-957CC2B8E93A}.Debug|Any CPU.Build.0 = Debug|Any CPU
		{59AC12B5-9D61-436A-8F12-957CC2B8E93A}.Release|Any CPU.ActiveCfg = Release|Any CPU
		{59AC12B5-9D61-436A-8F12-957CC2B8E93A}.Release|Any CPU.Build.0 = Release|Any CPU
	EndGlobalSection
	GlobalSection(SolutionProperties) = preSolution
		HideSolutionNode = FALSE
	EndGlobalSection
	GlobalSection(ExtensibilityGlobals) = postSolution
		SolutionGuid = {904B2D6E-54DF-4064-BF7A-B0EFE3CCEC6E}
	EndGlobalSection
EndGlobal
